dependencies:
- name: postgresql
  repository: oci://registry-1.docker.io/bitnamicharts
  version: 15.5.6
- name: redis
  repository: oci://registry-1.docker.io/bitnamicharts
  version: 19.5.4
digest: sha256:cc4ff762d0404db9a2ebecb9dad201c8b3f693275eeb658ff8909aeaf8c2c06e
generated: "2024-06-18T22:10:07.157257451+02:00"
